{
  "nodes": {
    "clj-nix": {
      "inputs": {
        "devshell": "devshell",
        "flake-utils": [
          "srvc-server",
          "flake-utils"
        ],
        "nixpkgs": [
          "srvc-server",
          "nixpkgs"
        ]
      },
      "locked": {
        "lastModified": 1674900782,
        "narHash": "sha256-rXNLt1X6K2M2JvDuRdpyaJUGtIU+ISiCYK4kx2FycfI=",
        "owner": "jlesquembre",
        "repo": "clj-nix",
        "rev": "fb4d61aae67ae62d0c2c9cdfbfc311c6f7dc4c12",
        "type": "github"
      },
      "original": {
        "owner": "jlesquembre",
        "repo": "clj-nix",
        "type": "github"
      }
    },
    "devshell": {
      "inputs": {
        "flake-utils": [
          "srvc-server",
          "clj-nix",
          "flake-utils"
        ],
        "nixpkgs": [
          "srvc-server",
          "clj-nix",
          "nixpkgs"
        ]
      },
      "locked": {
        "lastModified": 1658746384,
        "narHash": "sha256-CCJcoMOcXyZFrV1ag4XMTpAPjLWb4Anbv+ktXFI1ry0=",
        "owner": "numtide",
        "repo": "devshell",
        "rev": "0ffc7937bb5e8141af03d462b468bd071eb18e1b",
        "type": "github"
      },
      "original": {
        "owner": "numtide",
        "repo": "devshell",
        "type": "github"
      }
    },
    "flake-compat": {
      "flake": false,
      "locked": {
        "lastModified": 1673956053,
        "narHash": "sha256-4gtG9iQuiKITOjNQQeQIpoIB6b16fm+504Ch3sNKLd8=",
        "owner": "edolstra",
        "repo": "flake-compat",
        "rev": "35bb57c0c8d8b62bbfd284272c928ceb64ddbde9",
        "type": "github"
      },
      "original": {
        "owner": "edolstra",
        "repo": "flake-compat",
        "type": "github"
      }
    },
    "flake-utils": {
      "locked": {
        "lastModified": 1667395993,
        "narHash": "sha256-nuEHfE/LcWyuSWnS8t12N1wc105Qtau+/OdUAjtQ0rA=",
        "owner": "numtide",
        "repo": "flake-utils",
        "rev": "5aed5285a952e0b949eb3ba02c12fa4fcfef535f",
        "type": "github"
      },
      "original": {
        "owner": "numtide",
        "repo": "flake-utils",
        "type": "github"
      }
    },
    "nixpkgs": {
      "locked": {
        "lastModified": 1675758091,
        "narHash": "sha256-7gFSQbSVAFUHtGCNHPF7mPc5CcqDk9M2+inlVPZSneg=",
        "owner": "nixos",
        "repo": "nixpkgs",
        "rev": "747927516efcb5e31ba03b7ff32f61f6d47e7d87",
        "type": "github"
      },
      "original": {
        "owner": "nixos",
        "ref": "nixpkgs-unstable",
        "repo": "nixpkgs",
        "type": "github"
      }
    },
    "root": {
      "inputs": {
        "flake-compat": "flake-compat",
        "flake-utils": "flake-utils",
        "nixpkgs": "nixpkgs",
        "srvc": "srvc",
        "srvc-server": "srvc-server"
      }
    },
    "srvc": {
      "inputs": {
        "flake-compat": [
          "flake-compat"
        ],
        "flake-utils": [
          "flake-utils"
        ],
        "nixpkgs": [
          "nixpkgs"
        ]
      },
      "locked": {
        "lastModified": 1676408554,
        "narHash": "sha256-6wA2dnUUgS6HNQo2vMFqoT+seZHqcNLoTN+f5+Ok1AQ=",
        "owner": "insilica",
        "repo": "rs-srvc",
        "rev": "d83ac1e502e81de8d6119844212e3a9cc885f3fe",
        "type": "github"
      },
      "original": {
        "owner": "insilica",
        "ref": "v0.14.1",
        "repo": "rs-srvc",
        "type": "github"
      }
    },
    "srvc-server": {
      "inputs": {
        "clj-nix": "clj-nix",
        "flake-compat": [
          "flake-compat"
        ],
        "flake-utils": [
          "flake-utils"
        ],
        "nixpkgs": [
          "nixpkgs"
        ],
        "srvc": [
          "srvc"
        ]
      },
      "locked": {
        "lastModified": 1676049443,
        "narHash": "sha256-KVnld8wySx7efF+98BnOCkq8WX+DCdWo8vvEaY8gy6s=",
        "owner": "insilica",
        "repo": "srvc-server",
        "rev": "d3bfb2dbd3a2fdefe813d848d0149d6dc93728ca",
        "type": "github"
      },
      "original": {
        "owner": "insilica",
        "repo": "srvc-server",
        "type": "github"
      }
    }
  },
  "root": "root",
  "version": 7
}
