{
  "nodes": {
    "clj-nix": {
      "inputs": {
        "devshell": "devshell",
        "flake-utils": [
          "srvc-server",
          "flake-utils"
        ],
        "nixpkgs": [
          "srvc-server",
          "nixpkgs"
        ]
      },
      "locked": {
        "lastModified": 1677342613,
        "narHash": "sha256-BqhKj7jQahSVThEwLHt164kJHGx9LXzBARFZaFNLPW8=",
        "owner": "jlesquembre",
        "repo": "clj-nix",
        "rev": "7d9e244ea96988524ba3bd6c2bbafdf0a5340b96",
        "type": "github"
      },
      "original": {
        "owner": "jlesquembre",
        "repo": "clj-nix",
        "type": "github"
      }
    },
    "devshell": {
      "inputs": {
        "flake-utils": [
          "srvc-server",
          "clj-nix",
          "flake-utils"
        ],
        "nixpkgs": [
          "srvc-server",
          "clj-nix",
          "nixpkgs"
        ]
      },
      "locked": {
        "lastModified": 1658746384,
        "narHash": "sha256-CCJcoMOcXyZFrV1ag4XMTpAPjLWb4Anbv+ktXFI1ry0=",
        "owner": "numtide",
        "repo": "devshell",
        "rev": "0ffc7937bb5e8141af03d462b468bd071eb18e1b",
        "type": "github"
      },
      "original": {
        "owner": "numtide",
        "repo": "devshell",
        "type": "github"
      }
    },
    "flake-compat": {
      "flake": false,
      "locked": {
        "lastModified": 1673956053,
        "narHash": "sha256-4gtG9iQuiKITOjNQQeQIpoIB6b16fm+504Ch3sNKLd8=",
        "owner": "edolstra",
        "repo": "flake-compat",
        "rev": "35bb57c0c8d8b62bbfd284272c928ceb64ddbde9",
        "type": "github"
      },
      "original": {
        "owner": "edolstra",
        "repo": "flake-compat",
        "type": "github"
      }
    },
    "flake-utils": {
      "locked": {
        "lastModified": 1678901627,
        "narHash": "sha256-U02riOqrKKzwjsxc/400XnElV+UtPUQWpANPlyazjH0=",
        "owner": "numtide",
        "repo": "flake-utils",
        "rev": "93a2b84fc4b70d9e089d029deacc3583435c2ed6",
        "type": "github"
      },
      "original": {
        "owner": "numtide",
        "repo": "flake-utils",
        "type": "github"
      }
    },
    "nixpkgs": {
      "locked": {
        "lastModified": 1679319606,
        "narHash": "sha256-wyEMIZB6BnsmJWInEgDZu66hXVMGJEZFl5uDsn27f9M=",
        "owner": "nixos",
        "repo": "nixpkgs",
        "rev": "8bc6945b1224a1cfa679d6801580b1054dba1a5c",
        "type": "github"
      },
      "original": {
        "owner": "nixos",
        "ref": "nixpkgs-unstable",
        "repo": "nixpkgs",
        "type": "github"
      }
    },
    "poetry2nix": {
      "inputs": {
        "flake-utils": [
          "flake-utils"
        ],
        "nixpkgs": [
          "nixpkgs"
        ]
      },
      "locked": {
        "lastModified": 1679287389,
        "narHash": "sha256-VMFWpjeFXyDWcQ9/iucsZZC3vBlTut01mwFJrppKgXE=",
        "owner": "nix-community",
        "repo": "poetry2nix",
        "rev": "4e91056ff17e5fae2e789e61d921b5419d000a1a",
        "type": "github"
      },
      "original": {
        "owner": "nix-community",
        "repo": "poetry2nix",
        "type": "github"
      }
    },
    "root": {
      "inputs": {
        "flake-compat": "flake-compat",
        "flake-utils": "flake-utils",
        "nixpkgs": "nixpkgs",
        "poetry2nix": "poetry2nix",
        "srvc": "srvc",
        "srvc-server": "srvc-server"
      }
    },
    "srvc": {
      "inputs": {
        "flake-compat": [
          "flake-compat"
        ],
        "flake-utils": [
          "flake-utils"
        ],
        "nixpkgs": [
          "nixpkgs"
        ]
      },
      "locked": {
        "lastModified": 1679424793,
        "narHash": "sha256-rQrpKql1b0tT3x0n8LEdlIVz2HZMVAupx+YKBeecYfw=",
        "owner": "insilica",
        "repo": "rs-srvc",
        "rev": "844973dc6c45c4373d146dbfc42bbf45aee07314",
        "type": "github"
      },
      "original": {
        "owner": "insilica",
        "ref": "master",
        "repo": "rs-srvc",
        "type": "github"
      }
    },
    "srvc-server": {
      "inputs": {
        "clj-nix": "clj-nix",
        "flake-compat": [
          "flake-compat"
        ],
        "flake-utils": [
          "flake-utils"
        ],
        "nixpkgs": [
          "nixpkgs"
        ]
      },
      "locked": {
        "lastModified": 1679330018,
        "narHash": "sha256-045w6cutkPf2W2FUhP1Uznm+1KfJ9zf04FceY8MGM9k=",
        "owner": "insilica",
        "repo": "srvc-server",
        "rev": "07ac834d941acfb04390ad64ec59da69cd67e708",
        "type": "github"
      },
      "original": {
        "owner": "insilica",
        "repo": "srvc-server",
        "type": "github"
      }
    }
  },
  "root": "root",
  "version": 7
}
